<?xml version="1.0" encoding="UTF-8"?>
<CONFIG>
  <ProjectOptions>
    <Version Value="11"/>
    <General>
      <Flags>
        <SaveClosedFiles Value="False"/>
        <SaveOnlyProjectUnits Value="True"/>
      </Flags>
      <MainUnit Value="0"/>
      <AutoCreateForms Value="False"/>
      <Title Value="PlatformaAV АРМ Администратора"/>
      <UseAppBundle Value="False"/>
      <ResourceType Value="res"/>
      <Icon Value="0"/>
    </General>
    <i18n>
      <EnableI18N LFM="False"/>
    </i18n>
    <VersionInfo>
      <UseVersionInfo Value="True"/>
      <AutoIncrementBuild Value="True"/>
      <MajorVersionNr Value="1"/>
      <RevisionNr Value="2"/>
      <BuildNr Value="19"/>
      <Language Value="0419"/>
    </VersionInfo>
    <BuildModes Count="1" Active="Default">
      <Item1 Name="Default" Default="True"/>
    </BuildModes>
    <PublishOptions>
      <Version Value="2"/>
    </PublishOptions>
    <RunParams>
      <FormatVersion Value="2"/>
      <Modes Count="1">
        <Mode0 Name="default"/>
      </Modes>
    </RunParams>
    <RequiredPackages Count="5">
      <Item1>
        <PackageName Value="zcomponent"/>
      </Item1>
      <Item2>
        <PackageName Value="FCL"/>
        <MinVersion Major="1" Release="1" Valid="True"/>
      </Item2>
      <Item3>
        <PackageName Value="DBFLaz"/>
        <MinVersion Minor="1" Release="1" Valid="True"/>
      </Item3>
      <Item4>
        <PackageName Value="LCLBase"/>
        <MinVersion Major="1" Release="1" Valid="True"/>
      </Item4>
      <Item5>
        <PackageName Value="LCL"/>
      </Item5>
    </RequiredPackages>
    <Units Count="32">
      <Unit0>
        <Filename Value="platadmin.lpr"/>
        <IsPartOfProject Value="True"/>
        <EditorIndex Value="-1"/>
        <CursorPos X="33" Y="13"/>
        <UsageCount Value="200"/>
      </Unit0>
      <Unit1>
        <Filename Value="arm.pas"/>
        <IsPartOfProject Value="True"/>
        <ComponentName Value="Form5"/>
        <HasResources Value="True"/>
        <ResourceBaseClass Value="Form"/>
        <UnitName Value="ARM"/>
        <EditorIndex Value="3"/>
        <TopLine Value="273"/>
        <CursorPos X="66" Y="289"/>
        <UsageCount Value="207"/>
        <Loaded Value="True"/>
      </Unit1>
      <Unit2>
        <Filename Value="platproc.pas"/>
        <IsPartOfProject Value="True"/>
        <EditorIndex Value="11"/>
        <TopLine Value="291"/>
        <CursorPos X="32" Y="311"/>
        <UsageCount Value="202"/>
        <Loaded Value="True"/>
      </Unit2>
      <Unit3>
        <Filename Value="spr_grup.pas"/>
        <IsPartOfProject Value="True"/>
        <ComponentName Value="FormGroups"/>
        <HasResources Value="True"/>
        <ResourceBaseClass Value="Form"/>
        <EditorIndex Value="-1"/>
        <TopLine Value="188"/>
        <CursorPos X="22" Y="202"/>
        <UsageCount Value="200"/>
      </Unit3>
      <Unit4>
        <Filename Value="spr_otd_podr.pas"/>
        <IsPartOfProject Value="True"/>
        <ComponentName Value="FormOtd"/>
        <HasResources Value="True"/>
        <ResourceBaseClass Value="Form"/>
        <EditorIndex Value="4"/>
        <TopLine Value="170"/>
        <CursorPos X="12" Y="180"/>
        <UsageCount Value="203"/>
        <Loaded Value="True"/>
      </Unit4>
      <Unit5>
        <Filename Value="spr_menu.pas"/>
        <IsPartOfProject Value="True"/>
        <ComponentName Value="FormMenu"/>
        <HasResources Value="True"/>
        <ResourceBaseClass Value="Form"/>
        <EditorIndex Value="-1"/>
        <CursorPos X="21" Y="419"/>
        <UsageCount Value="200"/>
      </Unit5>
      <Unit6>
        <Filename Value="spr_arms.pas"/>
        <IsPartOfProject Value="True"/>
        <ComponentName Value="Form6"/>
        <HasResources Value="True"/>
        <ResourceBaseClass Value="Form"/>
        <EditorIndex Value="-1"/>
        <TopLine Value="154"/>
        <CursorPos X="23" Y="178"/>
        <UsageCount Value="200"/>
      </Unit6>
      <Unit7>
        <Filename Value="web_options.pas"/>
        <IsPartOfProject Value="True"/>
        <ComponentName Value="FormWO"/>
        <HasResources Value="True"/>
        <ResourceBaseClass Value="Form"/>
        <EditorIndex Value="-1"/>
        <TopLine Value="133"/>
        <CursorPos X="17" Y="157"/>
        <UsageCount Value="200"/>
      </Unit7>
      <Unit8>
        <Filename Value="point_main.pas"/>
        <IsPartOfProject Value="True"/>
        <ComponentName Value="Form9"/>
        <HasResources Value="True"/>
        <ResourceBaseClass Value="Form"/>
        <EditorIndex Value="-1"/>
        <TopLine Value="80"/>
        <CursorPos X="17" Y="94"/>
        <UsageCount Value="200"/>
      </Unit8>
      <Unit9>
        <Filename Value="users_main.pas"/>
        <IsPartOfProject Value="True"/>
        <ComponentName Value="Form_users"/>
        <HasResources Value="True"/>
        <ResourceBaseClass Value="Form"/>
        <IsVisibleTab Value="True"/>
        <EditorIndex Value="6"/>
        <TopLine Value="431"/>
        <CursorPos X="13" Y="447"/>
        <UsageCount Value="201"/>
        <Loaded Value="True"/>
        <LoadedDesigner Value="True"/>
      </Unit9>
      <Unit10>
        <Filename Value="sync_table.pas"/>
        <IsPartOfProject Value="True"/>
        <ComponentName Value="Form8"/>
        <HasResources Value="True"/>
        <ResourceBaseClass Value="Form"/>
        <EditorIndex Value="-1"/>
        <CursorPos X="27" Y="15"/>
        <UsageCount Value="205"/>
      </Unit10>
      <Unit11>
        <Filename Value="main.pas"/>
        <IsPartOfProject Value="True"/>
        <ComponentName Value="FormMain"/>
        <HasResources Value="True"/>
        <ResourceBaseClass Value="Form"/>
        <EditorIndex Value="8"/>
        <TopLine Value="752"/>
        <CursorPos X="121" Y="757"/>
        <UsageCount Value="200"/>
        <Loaded Value="True"/>
        <LoadedDesigner Value="True"/>
      </Unit11>
      <Unit12>
        <Filename Value="accesslog.pas"/>
        <IsPartOfProject Value="True"/>
        <ComponentName Value="FormLog"/>
        <HasResources Value="True"/>
        <ResourceBaseClass Value="Form"/>
        <UnitName Value="Accesslog"/>
        <EditorIndex Value="-1"/>
        <CursorPos X="57" Y="8"/>
        <UsageCount Value="200"/>
      </Unit12>
      <Unit13>
        <Filename Value="consol.pas"/>
        <IsPartOfProject Value="True"/>
        <ComponentName Value="FormC"/>
        <HasResources Value="True"/>
        <ResourceBaseClass Value="Form"/>
        <EditorIndex Value="-1"/>
        <TopLine Value="55"/>
        <CursorPos X="21" Y="72"/>
        <UsageCount Value="200"/>
      </Unit13>
      <Unit14>
        <Filename Value="dbf_import.pas"/>
        <IsPartOfProject Value="True"/>
        <ComponentName Value="FormDbf"/>
        <HasResources Value="True"/>
        <ResourceBaseClass Value="Form"/>
        <UnitName Value="Dbf_import"/>
        <TopLine Value="488"/>
        <CursorPos X="33" Y="496"/>
        <UsageCount Value="202"/>
        <Bookmarks Count="2">
          <Item0 Y="470"/>
          <Item1 Y="1431" ID="1"/>
        </Bookmarks>
        <Loaded Value="True"/>
      </Unit14>
      <Unit15>
        <Filename Value="localsettings.pas"/>
        <IsPartOfProject Value="True"/>
        <ComponentName Value="FormSets"/>
        <HasResources Value="True"/>
        <ResourceBaseClass Value="Form"/>
        <UnitName Value="LocalSettings"/>
        <EditorIndex Value="10"/>
        <TopLine Value="363"/>
        <CursorPos X="10" Y="374"/>
        <UsageCount Value="202"/>
        <Loaded Value="True"/>
      </Unit15>
      <Unit16>
        <Filename Value="servers.pas"/>
        <IsPartOfProject Value="True"/>
        <ComponentName Value="FormServers"/>
        <HasResources Value="True"/>
        <ResourceBaseClass Value="Form"/>
        <UnitName Value="Servers"/>
        <EditorIndex Value="7"/>
        <TopLine Value="973"/>
        <CursorPos X="73" Y="984"/>
        <UsageCount Value="205"/>
        <Loaded Value="True"/>
      </Unit16>
      <Unit17>
        <Filename Value="extpersonal.pas"/>
        <IsPartOfProject Value="True"/>
        <ComponentName Value="FormSpr"/>
        <HasResources Value="True"/>
        <ResourceBaseClass Value="Form"/>
        <UnitName Value="ExtPersonal"/>
        <EditorIndex Value="5"/>
        <TopLine Value="343"/>
        <CursorPos X="26" Y="355"/>
        <UsageCount Value="206"/>
        <Loaded Value="True"/>
      </Unit17>
      <Unit18>
        <Filename Value="usr_edit.pas"/>
        <IsPartOfProject Value="True"/>
        <ComponentName Value="Form_edit"/>
        <HasResources Value="True"/>
        <ResourceBaseClass Value="Form"/>
        <EditorIndex Value="2"/>
        <TopLine Value="253"/>
        <CursorPos X="128" Y="262"/>
        <UsageCount Value="201"/>
        <Loaded Value="True"/>
        <LoadedDesigner Value="True"/>
      </Unit18>
      <Unit19>
        <Filename Value="spr_vars.pas"/>
        <IsPartOfProject Value="True"/>
        <ComponentName Value="FormVars"/>
        <HasResources Value="True"/>
        <ResourceBaseClass Value="Form"/>
        <EditorIndex Value="-1"/>
        <TopLine Value="112"/>
        <CursorPos X="17" Y="136"/>
        <UsageCount Value="203"/>
      </Unit19>
      <Unit20>
        <Filename Value="message_idle.pas"/>
        <IsPartOfProject Value="True"/>
        <ComponentName Value="FormIdle"/>
        <HasResources Value="True"/>
        <ResourceBaseClass Value="Form"/>
        <EditorIndex Value="-1"/>
        <CursorPos X="34" Y="8"/>
        <UsageCount Value="200"/>
      </Unit20>
      <Unit21>
        <Filename Value="spr_update.pas"/>
        <IsPartOfProject Value="True"/>
        <ComponentName Value="FormUpdate"/>
        <HasResources Value="True"/>
        <ResourceBaseClass Value="Form"/>
        <EditorIndex Value="9"/>
        <TopLine Value="117"/>
        <CursorPos X="27" Y="129"/>
        <UsageCount Value="203"/>
        <Loaded Value="True"/>
      </Unit21>
      <Unit22>
        <Filename Value="sync_log.lfm"/>
        <IsPartOfProject Value="True"/>
        <CursorPos X="50" Y="12"/>
        <UsageCount Value="202"/>
        <DefaultSyntaxHighlighter Value="LFM"/>
      </Unit22>
      <Unit23>
        <Filename Value="sync_log.pas"/>
        <IsPartOfProject Value="True"/>
        <ComponentName Value="Form88"/>
        <HasResources Value="True"/>
        <ResourceBaseClass Value="Form"/>
        <EditorIndex Value="-1"/>
        <TopLine Value="56"/>
        <CursorPos X="26" Y="70"/>
        <UsageCount Value="202"/>
      </Unit23>
      <Unit24>
        <Filename Value="version_info.pas"/>
        <IsPartOfProject Value="True"/>
        <EditorIndex Value="-1"/>
        <CursorPos X="48" Y="7"/>
        <UsageCount Value="213"/>
      </Unit24>
      <Unit25>
        <Filename Value="genagent.pas"/>
        <IsPartOfProject Value="True"/>
        <ComponentName Value="Form1"/>
        <HasResources Value="True"/>
        <ResourceBaseClass Value="Form"/>
        <EditorIndex Value="-1"/>
        <CursorPos X="59" Y="17"/>
        <UsageCount Value="202"/>
      </Unit25>
      <Unit26>
        <Filename Value="web_users.pas"/>
        <IsPartOfProject Value="True"/>
        <ComponentName Value="Form_webusr"/>
        <HasResources Value="True"/>
        <ResourceBaseClass Value="Form"/>
        <EditorIndex Value="1"/>
        <TopLine Value="506"/>
        <CursorPos X="46" Y="519"/>
        <UsageCount Value="210"/>
        <Loaded Value="True"/>
      </Unit26>
      <Unit27>
        <Filename Value="spr_option.pas"/>
        <IsPartOfProject Value="True"/>
        <ComponentName Value="Form7"/>
        <HasResources Value="True"/>
        <ResourceBaseClass Value="Form"/>
        <EditorIndex Value="-1"/>
        <TopLine Value="160"/>
        <CursorPos X="17" Y="184"/>
        <UsageCount Value="203"/>
      </Unit27>
      <Unit28>
        <Filename Value="web_usr_kontr.pas"/>
        <IsPartOfProject Value="True"/>
        <ComponentName Value="FormK"/>
        <HasResources Value="True"/>
        <ResourceBaseClass Value="Form"/>
        <EditorIndex Value="-1"/>
        <TopLine Value="281"/>
        <CursorPos X="21" Y="305"/>
        <UsageCount Value="200"/>
      </Unit28>
      <Unit29>
        <Filename Value="web_usr_opt.pas"/>
        <IsPartOfProject Value="True"/>
        <ComponentName Value="FormU"/>
        <HasResources Value="True"/>
        <ResourceBaseClass Value="Form"/>
        <EditorIndex Value="-1"/>
        <TopLine Value="262"/>
        <CursorPos X="16" Y="286"/>
        <UsageCount Value="260"/>
      </Unit29>
      <Unit30>
        <Filename Value="webrep.pas"/>
        <IsPartOfProject Value="True"/>
        <ComponentName Value="FormRep"/>
        <HasResources Value="True"/>
        <ResourceBaseClass Value="Form"/>
        <EditorIndex Value="-1"/>
        <TopLine Value="207"/>
        <CursorPos X="17" Y="231"/>
        <ComponentState Value="1"/>
        <UsageCount Value="232"/>
      </Unit30>
      <Unit31>
        <Filename Value="auth.pas"/>
        <IsPartOfProject Value="True"/>
        <ComponentName Value="FormAuth"/>
        <HasResources Value="True"/>
        <ResourceBaseClass Value="Form"/>
        <UnitName Value="Auth"/>
        <EditorIndex Value="-1"/>
        <TopLine Value="415"/>
        <CursorPos X="43" Y="445"/>
        <UsageCount Value="207"/>
      </Unit31>
    </Units>
  </ProjectOptions>
  <CompilerOptions>
    <Version Value="11"/>
    <Target>
      <Filename Value="platadmin"/>
    </Target>
    <SearchPaths>
      <IncludeFiles Value="$(ProjOutDir)"/>
      <UnitOutputDirectory Value="lib/$(TargetCPU)-$(TargetOS)"/>
    </SearchPaths>
    <CodeGeneration>
      <SmartLinkUnit Value="True"/>
      <Checks>
        <IOChecks Value="True"/>
        <RangeChecks Value="True"/>
        <OverflowChecks Value="True"/>
        <StackChecks Value="True"/>
      </Checks>
      <Optimizations>
        <OptimizationLevel Value="2"/>
      </Optimizations>
    </CodeGeneration>
    <Linking>
      <Debugging>
        <UseHeaptrc Value="True"/>
        <UseExternalDbgSyms Value="True"/>
      </Debugging>
    </Linking>
    <Other>
      <Verbosity>
        <ShoLineNum Value="True"/>
      </Verbosity>
    </Other>
  </CompilerOptions>
  <Debugging>
    <Watches Count="1">
      <Item1>
        <Expression Value="Dbf1.Fields[n].DataType"/>
      </Item1>
    </Watches>
    <Exceptions Count="7">
      <Item1>
        <Name Value="EAbort"/>
      </Item1>
      <Item2>
        <Name Value="ECodetoolError"/>
      </Item2>
      <Item3>
        <Name Value="EFOpenError"/>
      </Item3>
      <Item4>
        <Name Value="EZSQLException"/>
      </Item4>
      <Item5>
        <Name Value="EConvertError"/>
      </Item5>
      <Item6>
        <Name Value="EVariantError"/>
      </Item6>
      <Item7>
        <Name Value="EDatabaseError"/>
      </Item7>
    </Exceptions>
  </Debugging>
</CONFIG>
